
Microsoft Visual Studio Solution File, Format Version 12.00
# Visual Studio Version 17
VisualStudioVersion = 17.2.32602.215
MinimumVisualStudioVersion = 10.0.40219.1
Project("{FAE04EC0-301F-11D3-BF4B-00C04F79EFBC}") = "Whatsapp-Bulk-Filter", "Whatsapp-Bulk-Filter\Whatsapp-Bulk-Filter.csproj", "{67A84CEC-B604-4F0C-A456-69AF4CBEFB9A}"
EndProject
Global
	GlobalSection(SolutionConfigurationPlatforms) = preSolution
		Debug|Any CPU = Debug|Any CPU
		Release|Any CPU = Release|Any CPU
	EndGlobalSection
	GlobalSection(ProjectConfigurationPlatforms) = postSolution
		{67A84CEC-B604-4F0C-A456-69AF4CBEFB9A}.Debug|Any CPU.ActiveCfg = Debug|Any CPU
		{67A84CEC-B604-4F0C-A456-69AF4CBEFB9A}.Debug|Any CPU.Build.0 = Debug|Any CPU
		{67A84CEC-B604-4F0C-A456-69AF4CBEFB9A}.Release|Any CPU.ActiveCfg = Release|Any CPU
		{67A84CEC-B604-4F0C-A456-69AF4CBEFB9A}.Release|Any CPU.Build.0 = Release|Any CPU
	EndGlobalSection
	GlobalSection(SolutionProperties) = preSolution
		HideSolutionNode = FALSE
	EndGlobalSection
	GlobalSection(ExtensibilityGlobals) = postSolution
		SolutionGuid = {ACE5E3DE-4BF5-4660-AFCF-68C55449474C}
	EndGlobalSection
EndGlobal
